
Microsoft Visual Studio Solution File, Format Version 12.00
# Visual Studio Version 17
VisualStudioVersion = 17.2.32210.308
MinimumVisualStudioVersion = 10.0.40219.1
Project("{FAE04EC0-301F-11D3-BF4B-00C04F79EFBC}") = "API", "API\API.csproj", "{3D3FD71E-BFFA-4C83-82E2-0E37E9221E8A}"
EndProject
Global
	GlobalSection(SolutionConfigurationPlatforms) = preSolution
		Debug|Any CPU = Debug|Any CPU
		Release|Any CPU = Release|Any CPU
	EndGlobalSection
	GlobalSection(ProjectConfigurationPlatforms) = postSolution
		{3D3FD71E-BFFA-4C83-82E2-0E37E9221E8A}.Debug|Any CPU.ActiveCfg = Debug|Any CPU
		{3D3FD71E-BFFA-4C83-82E2-0E37E9221E8A}.Debug|Any CPU.Build.0 = Debug|Any CPU
		{3D3FD71E-BFFA-4C83-82E2-0E37E9221E8A}.Release|Any CPU.ActiveCfg = Release|Any CPU
		{3D3FD71E-BFFA-4C83-82E2-0E37E9221E8A}.Release|Any CPU.Build.0 = Release|Any CPU
	EndGlobalSection
	GlobalSection(SolutionProperties) = preSolution
		HideSolutionNode = FALSE
	EndGlobalSection
	GlobalSection(ExtensibilityGlobals) = postSolution
		SolutionGuid = {58C6612F-FF86-4D43-ACCD-A9A6A35855A5}
	EndGlobalSection
EndGlobal
